
Microsoft Visual Studio Solution File, Format Version 12.00
# Visual Studio 15
VisualStudioVersion = 15.0.26730.10
MinimumVisualStudioVersion = 10.0.40219.1

Project("{6EC3EE1D-3C4E-46DD-8F32-0CC8E7565705}") = "SqueakyApp", "SqueakyApp\SqueakyApp.fsproj", "{C7065531-638C-443F-B936-3A0E3D5A07C1}"
EndProject

Project("{F2A71F9B-5D33-465A-A702-920D77279786}") = "SqueakyApp.Android", "SqueakyApp.Android\SqueakyApp.Android.fsproj", "{000002CB-DBCA-4043-B9CE-4DB0938256BD}"
EndProject

Project("{F2A71F9B-5D33-465A-A702-920D77279786}") = "SqueakyApp.iOS", "SqueakyApp.iOS\SqueakyApp.iOS.fsproj", "{486C378F-89E8-4113-BAD8-F433AACE0036}"
EndProject



Global
	GlobalSection(SolutionConfigurationPlatforms) = preSolution
		Ad-Hoc|Any CPU = Ad-Hoc|Any CPU
		Ad-Hoc|ARM = Ad-Hoc|ARM
		Ad-Hoc|iPhone = Ad-Hoc|iPhone
		Ad-Hoc|iPhoneSimulator = Ad-Hoc|iPhoneSimulator
		Ad-Hoc|x64 = Ad-Hoc|x64
		Ad-Hoc|x86 = Ad-Hoc|x86
		AppStore|Any CPU = AppStore|Any CPU
		AppStore|ARM = AppStore|ARM
		AppStore|iPhone = AppStore|iPhone
		AppStore|iPhoneSimulator = AppStore|iPhoneSimulator
		AppStore|x64 = AppStore|x64
		AppStore|x86 = AppStore|x86
		Debug|Any CPU = Debug|Any CPU
		Debug|ARM = Debug|ARM
		Debug|iPhone = Debug|iPhone
		Debug|iPhoneSimulator = Debug|iPhoneSimulator
		Debug|x64 = Debug|x64
		Debug|x86 = Debug|x86
		Release|Any CPU = Release|Any CPU
		Release|ARM = Release|ARM
		Release|iPhone = Release|iPhone
		Release|iPhoneSimulator = Release|iPhoneSimulator
		Release|x64 = Release|x64
		Release|x86 = Release|x86
	EndGlobalSection
	GlobalSection(ProjectConfigurationPlatforms) = postSolution
		{C7065531-638C-443F-B936-3A0E3D5A07C1}.Ad-Hoc|Any CPU.ActiveCfg = Debug|Any CPU
		{C7065531-638C-443F-B936-3A0E3D5A07C1}.Ad-Hoc|Any CPU.Build.0 = Debug|Any CPU
		{C7065531-638C-443F-B936-3A0E3D5A07C1}.Ad-Hoc|ARM.ActiveCfg = Debug|Any CPU
		{C7065531-638C-443F-B936-3A0E3D5A07C1}.Ad-Hoc|ARM.Build.0 = Debug|Any CPU
		{C7065531-638C-443F-B936-3A0E3D5A07C1}.Ad-Hoc|iPhone.ActiveCfg = Debug|Any CPU
		{C7065531-638C-443F-B936-3A0E3D5A07C1}.Ad-Hoc|iPhone.Build.0 = Debug|Any CPU
		{C7065531-638C-443F-B936-3A0E3D5A07C1}.Ad-Hoc|iPhoneSimulator.ActiveCfg = Debug|Any CPU
		{C7065531-638C-443F-B936-3A0E3D5A07C1}.Ad-Hoc|iPhoneSimulator.Build.0 = Debug|Any CPU
		{C7065531-638C-443F-B936-3A0E3D5A07C1}.Ad-Hoc|x64.ActiveCfg = Debug|Any CPU
		{C7065531-638C-443F-B936-3A0E3D5A07C1}.Ad-Hoc|x64.Build.0 = Debug|Any CPU
		{C7065531-638C-443F-B936-3A0E3D5A07C1}.Ad-Hoc|x86.ActiveCfg = Debug|Any CPU
		{C7065531-638C-443F-B936-3A0E3D5A07C1}.Ad-Hoc|x86.Build.0 = Debug|Any CPU
		{C7065531-638C-443F-B936-3A0E3D5A07C1}.AppStore|Any CPU.ActiveCfg = Debug|Any CPU
		{C7065531-638C-443F-B936-3A0E3D5A07C1}.AppStore|Any CPU.Build.0 = Debug|Any CPU
		{C7065531-638C-443F-B936-3A0E3D5A07C1}.AppStore|ARM.ActiveCfg = Debug|Any CPU
		{C7065531-638C-443F-B936-3A0E3D5A07C1}.AppStore|ARM.Build.0 = Debug|Any CPU
		{C7065531-638C-443F-B936-3A0E3D5A07C1}.AppStore|iPhone.ActiveCfg = Debug|Any CPU
		{C7065531-638C-443F-B936-3A0E3D5A07C1}.AppStore|iPhone.Build.0 = Debug|Any CPU
		{C7065531-638C-443F-B936-3A0E3D5A07C1}.AppStore|iPhoneSimulator.ActiveCfg = Debug|Any CPU
		{C7065531-638C-443F-B936-3A0E3D5A07C1}.AppStore|iPhoneSimulator.Build.0 = Debug|Any CPU
		{C7065531-638C-443F-B936-3A0E3D5A07C1}.AppStore|x64.ActiveCfg = Debug|Any CPU
		{C7065531-638C-443F-B936-3A0E3D5A07C1}.AppStore|x64.Build.0 = Debug|Any CPU
		{C7065531-638C-443F-B936-3A0E3D5A07C1}.AppStore|x86.ActiveCfg = Debug|Any CPU
		{C7065531-638C-443F-B936-3A0E3D5A07C1}.AppStore|x86.Build.0 = Debug|Any CPU
		{C7065531-638C-443F-B936-3A0E3D5A07C1}.Debug|Any CPU.ActiveCfg = Debug|Any CPU
		{C7065531-638C-443F-B936-3A0E3D5A07C1}.Debug|Any CPU.Build.0 = Debug|Any CPU
		{C7065531-638C-443F-B936-3A0E3D5A07C1}.Debug|ARM.ActiveCfg = Debug|Any CPU
		{C7065531-638C-443F-B936-3A0E3D5A07C1}.Debug|ARM.Build.0 = Debug|Any CPU
		{C7065531-638C-443F-B936-3A0E3D5A07C1}.Debug|iPhone.ActiveCfg = Debug|Any CPU
		{C7065531-638C-443F-B936-3A0E3D5A07C1}.Debug|iPhone.Build.0 = Debug|Any CPU
		{C7065531-638C-443F-B936-3A0E3D5A07C1}.Debug|iPhoneSimulator.ActiveCfg = Debug|Any CPU
		{C7065531-638C-443F-B936-3A0E3D5A07C1}.Debug|iPhoneSimulator.Build.0 = Debug|Any CPU
		{C7065531-638C-443F-B936-3A0E3D5A07C1}.Debug|x64.ActiveCfg = Debug|Any CPU
		{C7065531-638C-443F-B936-3A0E3D5A07C1}.Debug|x64.Build.0 = Debug|Any CPU
		{C7065531-638C-443F-B936-3A0E3D5A07C1}.Debug|x86.ActiveCfg = Debug|Any CPU
		{C7065531-638C-443F-B936-3A0E3D5A07C1}.Debug|x86.Build.0 = Debug|Any CPU
		{C7065531-638C-443F-B936-3A0E3D5A07C1}.Release|Any CPU.ActiveCfg = Release|Any CPU
		{C7065531-638C-443F-B936-3A0E3D5A07C1}.Release|Any CPU.Build.0 = Release|Any CPU
		{C7065531-638C-443F-B936-3A0E3D5A07C1}.Release|ARM.ActiveCfg = Release|Any CPU
		{C7065531-638C-443F-B936-3A0E3D5A07C1}.Release|ARM.Build.0 = Release|Any CPU
		{C7065531-638C-443F-B936-3A0E3D5A07C1}.Release|iPhone.ActiveCfg = Release|Any CPU
		{C7065531-638C-443F-B936-3A0E3D5A07C1}.Release|iPhone.Build.0 = Release|Any CPU
		{C7065531-638C-443F-B936-3A0E3D5A07C1}.Release|iPhoneSimulator.ActiveCfg = Release|Any CPU
		{C7065531-638C-443F-B936-3A0E3D5A07C1}.Release|iPhoneSimulator.Build.0 = Release|Any CPU
		{C7065531-638C-443F-B936-3A0E3D5A07C1}.Release|x64.ActiveCfg = Release|Any CPU
		{C7065531-638C-443F-B936-3A0E3D5A07C1}.Release|x64.Build.0 = Release|Any CPU
		{C7065531-638C-443F-B936-3A0E3D5A07C1}.Release|x86.ActiveCfg = Release|Any CPU
		{C7065531-638C-443F-B936-3A0E3D5A07C1}.Release|x86.Build.0 = Release|Any CPU
		{486C378F-89E8-4113-BAD8-F433AACE0036}.Ad-Hoc|Any CPU.ActiveCfg = Ad-Hoc|iPhone
		{486C378F-89E8-4113-BAD8-F433AACE0036}.Ad-Hoc|ARM.ActiveCfg = Ad-Hoc|iPhone
		{486C378F-89E8-4113-BAD8-F433AACE0036}.Ad-Hoc|iPhone.ActiveCfg = Ad-Hoc|iPhone
		{486C378F-89E8-4113-BAD8-F433AACE0036}.Ad-Hoc|iPhone.Build.0 = Ad-Hoc|iPhone
		{486C378F-89E8-4113-BAD8-F433AACE0036}.Ad-Hoc|iPhoneSimulator.ActiveCfg = Ad-Hoc|iPhoneSimulator
		{486C378F-89E8-4113-BAD8-F433AACE0036}.Ad-Hoc|iPhoneSimulator.Build.0 = Ad-Hoc|iPhoneSimulator
		{486C378F-89E8-4113-BAD8-F433AACE0036}.Ad-Hoc|x64.ActiveCfg = Ad-Hoc|iPhone
		{486C378F-89E8-4113-BAD8-F433AACE0036}.Ad-Hoc|x86.ActiveCfg = Ad-Hoc|iPhone
		{486C378F-89E8-4113-BAD8-F433AACE0036}.AppStore|Any CPU.ActiveCfg = AppStore|iPhone
		{486C378F-89E8-4113-BAD8-F433AACE0036}.AppStore|ARM.ActiveCfg = AppStore|iPhone
		{486C378F-89E8-4113-BAD8-F433AACE0036}.AppStore|iPhone.ActiveCfg = AppStore|iPhone
		{486C378F-89E8-4113-BAD8-F433AACE0036}.AppStore|iPhone.Build.0 = AppStore|iPhone
		{486C378F-89E8-4113-BAD8-F433AACE0036}.AppStore|iPhoneSimulator.ActiveCfg = AppStore|iPhoneSimulator
		{486C378F-89E8-4113-BAD8-F433AACE0036}.AppStore|iPhoneSimulator.Build.0 = AppStore|iPhoneSimulator
		{486C378F-89E8-4113-BAD8-F433AACE0036}.AppStore|x64.ActiveCfg = AppStore|iPhone
		{486C378F-89E8-4113-BAD8-F433AACE0036}.AppStore|x86.ActiveCfg = AppStore|iPhone
		{486C378F-89E8-4113-BAD8-F433AACE0036}.Debug|Any CPU.ActiveCfg = Debug|iPhone
		{486C378F-89E8-4113-BAD8-F433AACE0036}.Debug|ARM.ActiveCfg = Debug|iPhone
		{486C378F-89E8-4113-BAD8-F433AACE0036}.Debug|iPhone.ActiveCfg = Debug|iPhone
		{486C378F-89E8-4113-BAD8-F433AACE0036}.Debug|iPhone.Build.0 = Debug|iPhone
		{486C378F-89E8-4113-BAD8-F433AACE0036}.Debug|iPhoneSimulator.ActiveCfg = Debug|iPhoneSimulator
		{486C378F-89E8-4113-BAD8-F433AACE0036}.Debug|iPhoneSimulator.Build.0 = Debug|iPhoneSimulator
		{486C378F-89E8-4113-BAD8-F433AACE0036}.Debug|x64.ActiveCfg = Debug|iPhone
		{486C378F-89E8-4113-BAD8-F433AACE0036}.Debug|x86.ActiveCfg = Debug|iPhone
		{486C378F-89E8-4113-BAD8-F433AACE0036}.Release|Any CPU.ActiveCfg = Release|iPhone
		{486C378F-89E8-4113-BAD8-F433AACE0036}.Release|ARM.ActiveCfg = Release|iPhone
		{486C378F-89E8-4113-BAD8-F433AACE0036}.Release|iPhone.ActiveCfg = Release|iPhone
		{486C378F-89E8-4113-BAD8-F433AACE0036}.Release|iPhone.Build.0 = Release|iPhone
		{486C378F-89E8-4113-BAD8-F433AACE0036}.Release|iPhoneSimulator.ActiveCfg = Release|iPhoneSimulator
		{486C378F-89E8-4113-BAD8-F433AACE0036}.Release|iPhoneSimulator.Build.0 = Release|iPhoneSimulator
		{486C378F-89E8-4113-BAD8-F433AACE0036}.Release|x64.ActiveCfg = Release|iPhone
		{486C378F-89E8-4113-BAD8-F433AACE0036}.Release|x86.ActiveCfg = Release|iPhone
		{6AA6162C-8FD8-44DB-BEB9-D0A5D70D8CD9}.Ad-Hoc|Any CPU.ActiveCfg = Release|x86
		{6AA6162C-8FD8-44DB-BEB9-D0A5D70D8CD9}.Ad-Hoc|Any CPU.Build.0 = Release|x86
		{6AA6162C-8FD8-44DB-BEB9-D0A5D70D8CD9}.Ad-Hoc|Any CPU.Deploy.0 = Release|x86
		{6AA6162C-8FD8-44DB-BEB9-D0A5D70D8CD9}.Ad-Hoc|ARM.ActiveCfg = Release|ARM
		{6AA6162C-8FD8-44DB-BEB9-D0A5D70D8CD9}.Ad-Hoc|ARM.Build.0 = Release|ARM
		{6AA6162C-8FD8-44DB-BEB9-D0A5D70D8CD9}.Ad-Hoc|ARM.Deploy.0 = Release|ARM
		{6AA6162C-8FD8-44DB-BEB9-D0A5D70D8CD9}.Ad-Hoc|iPhone.ActiveCfg = Release|x86
		{6AA6162C-8FD8-44DB-BEB9-D0A5D70D8CD9}.Ad-Hoc|iPhone.Build.0 = Release|x86
		{6AA6162C-8FD8-44DB-BEB9-D0A5D70D8CD9}.Ad-Hoc|iPhone.Deploy.0 = Release|x86
		{6AA6162C-8FD8-44DB-BEB9-D0A5D70D8CD9}.Ad-Hoc|iPhoneSimulator.ActiveCfg = Release|x86
		{6AA6162C-8FD8-44DB-BEB9-D0A5D70D8CD9}.Ad-Hoc|iPhoneSimulator.Build.0 = Release|x86
		{6AA6162C-8FD8-44DB-BEB9-D0A5D70D8CD9}.Ad-Hoc|iPhoneSimulator.Deploy.0 = Release|x86
		{6AA6162C-8FD8-44DB-BEB9-D0A5D70D8CD9}.Ad-Hoc|x64.ActiveCfg = Release|x64
		{6AA6162C-8FD8-44DB-BEB9-D0A5D70D8CD9}.Ad-Hoc|x64.Build.0 = Release|x64
		{6AA6162C-8FD8-44DB-BEB9-D0A5D70D8CD9}.Ad-Hoc|x64.Deploy.0 = Release|x64
		{6AA6162C-8FD8-44DB-BEB9-D0A5D70D8CD9}.Ad-Hoc|x86.ActiveCfg = Release|x86
		{6AA6162C-8FD8-44DB-BEB9-D0A5D70D8CD9}.Ad-Hoc|x86.Build.0 = Release|x86
		{6AA6162C-8FD8-44DB-BEB9-D0A5D70D8CD9}.Ad-Hoc|x86.Deploy.0 = Release|x86
		{6AA6162C-8FD8-44DB-BEB9-D0A5D70D8CD9}.AppStore|Any CPU.ActiveCfg = Release|x86
		{6AA6162C-8FD8-44DB-BEB9-D0A5D70D8CD9}.AppStore|Any CPU.Build.0 = Release|x86
		{6AA6162C-8FD8-44DB-BEB9-D0A5D70D8CD9}.AppStore|Any CPU.Deploy.0 = Release|x86
		{6AA6162C-8FD8-44DB-BEB9-D0A5D70D8CD9}.AppStore|ARM.ActiveCfg = Release|ARM
		{6AA6162C-8FD8-44DB-BEB9-D0A5D70D8CD9}.AppStore|ARM.Build.0 = Release|ARM
		{6AA6162C-8FD8-44DB-BEB9-D0A5D70D8CD9}.AppStore|ARM.Deploy.0 = Release|ARM
		{6AA6162C-8FD8-44DB-BEB9-D0A5D70D8CD9}.AppStore|iPhone.ActiveCfg = Release|x86
		{6AA6162C-8FD8-44DB-BEB9-D0A5D70D8CD9}.AppStore|iPhone.Build.0 = Release|x86
		{6AA6162C-8FD8-44DB-BEB9-D0A5D70D8CD9}.AppStore|iPhone.Deploy.0 = Release|x86
		{6AA6162C-8FD8-44DB-BEB9-D0A5D70D8CD9}.AppStore|iPhoneSimulator.ActiveCfg = Release|x86
		{6AA6162C-8FD8-44DB-BEB9-D0A5D70D8CD9}.AppStore|iPhoneSimulator.Build.0 = Release|x86
		{6AA6162C-8FD8-44DB-BEB9-D0A5D70D8CD9}.AppStore|iPhoneSimulator.Deploy.0 = Release|x86
		{6AA6162C-8FD8-44DB-BEB9-D0A5D70D8CD9}.AppStore|x64.ActiveCfg = Release|x64
		{6AA6162C-8FD8-44DB-BEB9-D0A5D70D8CD9}.AppStore|x64.Build.0 = Release|x64
		{6AA6162C-8FD8-44DB-BEB9-D0A5D70D8CD9}.AppStore|x64.Deploy.0 = Release|x64
		{6AA6162C-8FD8-44DB-BEB9-D0A5D70D8CD9}.AppStore|x86.ActiveCfg = Release|x86
		{6AA6162C-8FD8-44DB-BEB9-D0A5D70D8CD9}.AppStore|x86.Build.0 = Release|x86
		{6AA6162C-8FD8-44DB-BEB9-D0A5D70D8CD9}.AppStore|x86.Deploy.0 = Release|x86
		{6AA6162C-8FD8-44DB-BEB9-D0A5D70D8CD9}.Debug|Any CPU.ActiveCfg = Debug|x86
		{6AA6162C-8FD8-44DB-BEB9-D0A5D70D8CD9}.Debug|ARM.ActiveCfg = Debug|ARM
		{6AA6162C-8FD8-44DB-BEB9-D0A5D70D8CD9}.Debug|ARM.Build.0 = Debug|ARM
		{6AA6162C-8FD8-44DB-BEB9-D0A5D70D8CD9}.Debug|ARM.Deploy.0 = Debug|ARM
		{6AA6162C-8FD8-44DB-BEB9-D0A5D70D8CD9}.Debug|iPhone.ActiveCfg = Debug|x86
		{6AA6162C-8FD8-44DB-BEB9-D0A5D70D8CD9}.Debug|iPhoneSimulator.ActiveCfg = Debug|x86
		{6AA6162C-8FD8-44DB-BEB9-D0A5D70D8CD9}.Debug|x64.ActiveCfg = Debug|x64
		{6AA6162C-8FD8-44DB-BEB9-D0A5D70D8CD9}.Debug|x64.Build.0 = Debug|x64
		{6AA6162C-8FD8-44DB-BEB9-D0A5D70D8CD9}.Debug|x64.Deploy.0 = Debug|x64
		{6AA6162C-8FD8-44DB-BEB9-D0A5D70D8CD9}.Debug|x86.ActiveCfg = Debug|x86
		{6AA6162C-8FD8-44DB-BEB9-D0A5D70D8CD9}.Debug|x86.Build.0 = Debug|x86
		{6AA6162C-8FD8-44DB-BEB9-D0A5D70D8CD9}.Debug|x86.Deploy.0 = Debug|x86
		{6AA6162C-8FD8-44DB-BEB9-D0A5D70D8CD9}.Release|Any CPU.ActiveCfg = Release|x86
		{6AA6162C-8FD8-44DB-BEB9-D0A5D70D8CD9}.Release|ARM.ActiveCfg = Release|ARM
		{6AA6162C-8FD8-44DB-BEB9-D0A5D70D8CD9}.Release|ARM.Build.0 = Release|ARM
		{6AA6162C-8FD8-44DB-BEB9-D0A5D70D8CD9}.Release|ARM.Deploy.0 = Release|ARM
		{6AA6162C-8FD8-44DB-BEB9-D0A5D70D8CD9}.Release|iPhone.ActiveCfg = Release|x86
		{6AA6162C-8FD8-44DB-BEB9-D0A5D70D8CD9}.Release|iPhoneSimulator.ActiveCfg = Release|x86
		{6AA6162C-8FD8-44DB-BEB9-D0A5D70D8CD9}.Release|x64.ActiveCfg = Release|x64
		{6AA6162C-8FD8-44DB-BEB9-D0A5D70D8CD9}.Release|x64.Build.0 = Release|x64
		{6AA6162C-8FD8-44DB-BEB9-D0A5D70D8CD9}.Release|x64.Deploy.0 = Release|x64
		{6AA6162C-8FD8-44DB-BEB9-D0A5D70D8CD9}.Release|x86.ActiveCfg = Release|x86
		{6AA6162C-8FD8-44DB-BEB9-D0A5D70D8CD9}.Release|x86.Build.0 = Release|x86
		{6AA6162C-8FD8-44DB-BEB9-D0A5D70D8CD9}.Release|x86.Deploy.0 = Release|x86
		{33C657BD-25B5-4E66-89DB-2BC5861F57BD}.Ad-Hoc|Any CPU.ActiveCfg = Release|Any CPU
		{33C657BD-25B5-4E66-89DB-2BC5861F57BD}.Ad-Hoc|Any CPU.Build.0 = Release|Any CPU
		{33C657BD-25B5-4E66-89DB-2BC5861F57BD}.Ad-Hoc|ARM.ActiveCfg = Release|Any CPU
		{33C657BD-25B5-4E66-89DB-2BC5861F57BD}.Ad-Hoc|ARM.Build.0 = Release|Any CPU
		{33C657BD-25B5-4E66-89DB-2BC5861F57BD}.Ad-Hoc|iPhone.ActiveCfg = Release|Any CPU
		{33C657BD-25B5-4E66-89DB-2BC5861F57BD}.Ad-Hoc|iPhone.Build.0 = Release|Any CPU
		{33C657BD-25B5-4E66-89DB-2BC5861F57BD}.Ad-Hoc|iPhoneSimulator.ActiveCfg = Release|Any CPU
		{33C657BD-25B5-4E66-89DB-2BC5861F57BD}.Ad-Hoc|iPhoneSimulator.Build.0 = Release|Any CPU
		{33C657BD-25B5-4E66-89DB-2BC5861F57BD}.Ad-Hoc|x64.ActiveCfg = Release|Any CPU
		{33C657BD-25B5-4E66-89DB-2BC5861F57BD}.Ad-Hoc|x64.Build.0 = Release|Any CPU
		{33C657BD-25B5-4E66-89DB-2BC5861F57BD}.Ad-Hoc|x86.ActiveCfg = Release|Any CPU
		{33C657BD-25B5-4E66-89DB-2BC5861F57BD}.Ad-Hoc|x86.Build.0 = Release|Any CPU
		{33C657BD-25B5-4E66-89DB-2BC5861F57BD}.AppStore|Any CPU.ActiveCfg = Release|Any CPU
		{33C657BD-25B5-4E66-89DB-2BC5861F57BD}.AppStore|Any CPU.Build.0 = Release|Any CPU
		{33C657BD-25B5-4E66-89DB-2BC5861F57BD}.AppStore|ARM.ActiveCfg = Release|Any CPU
		{33C657BD-25B5-4E66-89DB-2BC5861F57BD}.AppStore|ARM.Build.0 = Release|Any CPU
		{33C657BD-25B5-4E66-89DB-2BC5861F57BD}.AppStore|iPhone.ActiveCfg = Release|Any CPU
		{33C657BD-25B5-4E66-89DB-2BC5861F57BD}.AppStore|iPhone.Build.0 = Release|Any CPU
		{33C657BD-25B5-4E66-89DB-2BC5861F57BD}.AppStore|iPhoneSimulator.ActiveCfg = Release|Any CPU
		{33C657BD-25B5-4E66-89DB-2BC5861F57BD}.AppStore|iPhoneSimulator.Build.0 = Release|Any CPU
		{33C657BD-25B5-4E66-89DB-2BC5861F57BD}.AppStore|x64.ActiveCfg = Release|Any CPU
		{33C657BD-25B5-4E66-89DB-2BC5861F57BD}.AppStore|x64.Build.0 = Release|Any CPU
		{33C657BD-25B5-4E66-89DB-2BC5861F57BD}.AppStore|x86.ActiveCfg = Release|Any CPU
		{33C657BD-25B5-4E66-89DB-2BC5861F57BD}.AppStore|x86.Build.0 = Release|Any CPU
		{33C657BD-25B5-4E66-89DB-2BC5861F57BD}.Debug|Any CPU.ActiveCfg = Debug|Any CPU
		{33C657BD-25B5-4E66-89DB-2BC5861F57BD}.Debug|Any CPU.Build.0 = Debug|Any CPU
		{33C657BD-25B5-4E66-89DB-2BC5861F57BD}.Debug|ARM.ActiveCfg = Debug|Any CPU
		{33C657BD-25B5-4E66-89DB-2BC5861F57BD}.Debug|ARM.Build.0 = Debug|Any CPU
		{33C657BD-25B5-4E66-89DB-2BC5861F57BD}.Debug|iPhone.ActiveCfg = Debug|Any CPU
		{33C657BD-25B5-4E66-89DB-2BC5861F57BD}.Debug|iPhone.Build.0 = Debug|Any CPU
		{33C657BD-25B5-4E66-89DB-2BC5861F57BD}.Debug|iPhoneSimulator.ActiveCfg = Debug|Any CPU
		{33C657BD-25B5-4E66-89DB-2BC5861F57BD}.Debug|iPhoneSimulator.Build.0 = Debug|Any CPU
		{33C657BD-25B5-4E66-89DB-2BC5861F57BD}.Debug|x64.ActiveCfg = Debug|Any CPU
		{33C657BD-25B5-4E66-89DB-2BC5861F57BD}.Debug|x64.Build.0 = Debug|Any CPU
		{33C657BD-25B5-4E66-89DB-2BC5861F57BD}.Debug|x86.ActiveCfg = Debug|Any CPU
		{33C657BD-25B5-4E66-89DB-2BC5861F57BD}.Debug|x86.Build.0 = Debug|Any CPU
		{33C657BD-25B5-4E66-89DB-2BC5861F57BD}.Release|Any CPU.ActiveCfg = Release|Any CPU
		{33C657BD-25B5-4E66-89DB-2BC5861F57BD}.Release|Any CPU.Build.0 = Release|Any CPU
		{33C657BD-25B5-4E66-89DB-2BC5861F57BD}.Release|ARM.ActiveCfg = Release|Any CPU
		{33C657BD-25B5-4E66-89DB-2BC5861F57BD}.Release|ARM.Build.0 = Release|Any CPU
		{33C657BD-25B5-4E66-89DB-2BC5861F57BD}.Release|iPhone.ActiveCfg = Release|Any CPU
		{33C657BD-25B5-4E66-89DB-2BC5861F57BD}.Release|iPhone.Build.0 = Release|Any CPU
		{33C657BD-25B5-4E66-89DB-2BC5861F57BD}.Release|iPhoneSimulator.ActiveCfg = Release|Any CPU
		{33C657BD-25B5-4E66-89DB-2BC5861F57BD}.Release|iPhoneSimulator.Build.0 = Release|Any CPU
		{33C657BD-25B5-4E66-89DB-2BC5861F57BD}.Release|x64.ActiveCfg = Release|Any CPU
		{33C657BD-25B5-4E66-89DB-2BC5861F57BD}.Release|x64.Build.0 = Release|Any CPU
		{33C657BD-25B5-4E66-89DB-2BC5861F57BD}.Release|x86.ActiveCfg = Release|Any CPU
		{33C657BD-25B5-4E66-89DB-2BC5861F57BD}.Release|x86.Build.0 = Release|Any CPU
		{000002CB-DBCA-4043-B9CE-4DB0938256BD}.Ad-Hoc|Any CPU.ActiveCfg = Release|Any CPU
		{000002CB-DBCA-4043-B9CE-4DB0938256BD}.Ad-Hoc|Any CPU.Build.0 = Release|Any CPU
		{000002CB-DBCA-4043-B9CE-4DB0938256BD}.Ad-Hoc|ARM.ActiveCfg = Release|Any CPU
		{000002CB-DBCA-4043-B9CE-4DB0938256BD}.Ad-Hoc|ARM.Build.0 = Release|Any CPU
		{000002CB-DBCA-4043-B9CE-4DB0938256BD}.Ad-Hoc|iPhone.ActiveCfg = Release|Any CPU
		{000002CB-DBCA-4043-B9CE-4DB0938256BD}.Ad-Hoc|iPhone.Build.0 = Release|Any CPU
		{000002CB-DBCA-4043-B9CE-4DB0938256BD}.Ad-Hoc|iPhoneSimulator.ActiveCfg = Release|Any CPU
		{000002CB-DBCA-4043-B9CE-4DB0938256BD}.Ad-Hoc|iPhoneSimulator.Build.0 = Release|Any CPU
		{000002CB-DBCA-4043-B9CE-4DB0938256BD}.Ad-Hoc|x64.ActiveCfg = Release|Any CPU
		{000002CB-DBCA-4043-B9CE-4DB0938256BD}.Ad-Hoc|x64.Build.0 = Release|Any CPU
		{000002CB-DBCA-4043-B9CE-4DB0938256BD}.Ad-Hoc|x86.ActiveCfg = Release|Any CPU
		{000002CB-DBCA-4043-B9CE-4DB0938256BD}.Ad-Hoc|x86.Build.0 = Release|Any CPU
		{000002CB-DBCA-4043-B9CE-4DB0938256BD}.AppStore|Any CPU.ActiveCfg = Release|Any CPU
		{000002CB-DBCA-4043-B9CE-4DB0938256BD}.AppStore|Any CPU.Build.0 = Release|Any CPU
		{000002CB-DBCA-4043-B9CE-4DB0938256BD}.AppStore|ARM.ActiveCfg = Release|Any CPU
		{000002CB-DBCA-4043-B9CE-4DB0938256BD}.AppStore|ARM.Build.0 = Release|Any CPU
		{000002CB-DBCA-4043-B9CE-4DB0938256BD}.AppStore|iPhone.ActiveCfg = Release|Any CPU
		{000002CB-DBCA-4043-B9CE-4DB0938256BD}.AppStore|iPhone.Build.0 = Release|Any CPU
		{000002CB-DBCA-4043-B9CE-4DB0938256BD}.AppStore|iPhoneSimulator.ActiveCfg = Release|Any CPU
		{000002CB-DBCA-4043-B9CE-4DB0938256BD}.AppStore|iPhoneSimulator.Build.0 = Release|Any CPU
		{000002CB-DBCA-4043-B9CE-4DB0938256BD}.AppStore|x64.ActiveCfg = Release|Any CPU
		{000002CB-DBCA-4043-B9CE-4DB0938256BD}.AppStore|x64.Build.0 = Release|Any CPU
		{000002CB-DBCA-4043-B9CE-4DB0938256BD}.AppStore|x86.ActiveCfg = Release|Any CPU
		{000002CB-DBCA-4043-B9CE-4DB0938256BD}.AppStore|x86.Build.0 = Release|Any CPU
		{000002CB-DBCA-4043-B9CE-4DB0938256BD}.Debug|Any CPU.ActiveCfg = Debug|Any CPU
		{000002CB-DBCA-4043-B9CE-4DB0938256BD}.Debug|Any CPU.Build.0 = Debug|Any CPU
		{000002CB-DBCA-4043-B9CE-4DB0938256BD}.Debug|Any CPU.Deploy.0 = Debug|Any CPU
		{000002CB-DBCA-4043-B9CE-4DB0938256BD}.Debug|ARM.ActiveCfg = Debug|Any CPU
		{000002CB-DBCA-4043-B9CE-4DB0938256BD}.Debug|ARM.Build.0 = Debug|Any CPU
		{000002CB-DBCA-4043-B9CE-4DB0938256BD}.Debug|iPhone.ActiveCfg = Debug|Any CPU
		{000002CB-DBCA-4043-B9CE-4DB0938256BD}.Debug|iPhone.Build.0 = Debug|Any CPU
		{000002CB-DBCA-4043-B9CE-4DB0938256BD}.Debug|iPhoneSimulator.ActiveCfg = Debug|Any CPU
		{000002CB-DBCA-4043-B9CE-4DB0938256BD}.Debug|iPhoneSimulator.Build.0 = Debug|Any CPU
		{000002CB-DBCA-4043-B9CE-4DB0938256BD}.Debug|x64.ActiveCfg = Debug|Any CPU
		{000002CB-DBCA-4043-B9CE-4DB0938256BD}.Debug|x64.Build.0 = Debug|Any CPU
		{000002CB-DBCA-4043-B9CE-4DB0938256BD}.Debug|x86.ActiveCfg = Debug|Any CPU
		{000002CB-DBCA-4043-B9CE-4DB0938256BD}.Debug|x86.Build.0 = Debug|Any CPU
		{000002CB-DBCA-4043-B9CE-4DB0938256BD}.Release|Any CPU.ActiveCfg = Release|Any CPU
		{000002CB-DBCA-4043-B9CE-4DB0938256BD}.Release|Any CPU.Build.0 = Release|Any CPU
		{000002CB-DBCA-4043-B9CE-4DB0938256BD}.Release|Any CPU.Deploy.0 = Release|Any CPU
		{000002CB-DBCA-4043-B9CE-4DB0938256BD}.Release|ARM.ActiveCfg = Release|Any CPU
		{000002CB-DBCA-4043-B9CE-4DB0938256BD}.Release|ARM.Build.0 = Release|Any CPU
		{000002CB-DBCA-4043-B9CE-4DB0938256BD}.Release|iPhone.ActiveCfg = Release|Any CPU
		{000002CB-DBCA-4043-B9CE-4DB0938256BD}.Release|iPhone.Build.0 = Release|Any CPU
		{000002CB-DBCA-4043-B9CE-4DB0938256BD}.Release|iPhoneSimulator.ActiveCfg = Release|Any CPU
		{000002CB-DBCA-4043-B9CE-4DB0938256BD}.Release|iPhoneSimulator.Build.0 = Release|Any CPU
		{000002CB-DBCA-4043-B9CE-4DB0938256BD}.Release|x64.ActiveCfg = Release|Any CPU
		{000002CB-DBCA-4043-B9CE-4DB0938256BD}.Release|x64.Build.0 = Release|Any CPU
		{000002CB-DBCA-4043-B9CE-4DB0938256BD}.Release|x86.ActiveCfg = Release|Any CPU
		{000002CB-DBCA-4043-B9CE-4DB0938256BD}.Release|x86.Build.0 = Release|Any CPU
	EndGlobalSection
	GlobalSection(SolutionProperties) = preSolution
		HideSolutionNode = FALSE
	EndGlobalSection
	GlobalSection(ExtensibilityGlobals) = postSolution
		SolutionGuid = {F6D05029-56B8-4E45-AF2D-0E76295DDBA2}
	EndGlobalSection
EndGlobal
